# This file is autogenerated, do not edit; changes may be undone by the next 'dep ensure'.


[[projects]]
  branch = "master"
  digest = "1:806e7d0a83ddc865f9421f52d7bde67c03c963086ace022494b6c5b103da8347"
  name = "github.com/fsamin/go-typeparser"
  packages = ["."]
  pruneopts = "UT"
  revision = "461cc586ebcb374734001437a4de39553581fd09"
  source = "github.com/richardlt/go-typeparser"

[[projects]]
  digest = "1:40e195917a951a8bf867cd05de2a46aaf1806c50cf92eebf4c16f78cd196f747"
  name = "github.com/pkg/errors"
  packages = ["."]
  pruneopts = "UT"
  revision = "645ef00459ed84a119197bfb8d8205042c6df63d"
  version = "v0.8.0"

[solve-meta]
  analyzer-name = "dep"
  analyzer-version = 1
  input-imports = [
    "github.com/fsamin/go-typeparser",
    "github.com/pkg/errors",
  ]
  solver-name = "gps-cdcl"
  solver-version = 1
